
Microsoft Visual Studio Solution File, Format Version 12.00
# Visual Studio Version 16
VisualStudioVersion = 16.0.31624.102
MinimumVisualStudioVersion = 10.0.40219.1
Project("{FAE04EC0-301F-11D3-BF4B-00C04F79EFBC}") = "Unlock Pattern 2", "Unlock Pattern 2.csproj", "{83D5F3B9-AEAE-4694-B77D-3004407AE888}"
EndProject
Global
	GlobalSection(SolutionConfigurationPlatforms) = preSolution
		Debug|Any CPU = Debug|Any CPU
		Release|Any CPU = Release|Any CPU
	EndGlobalSection
	GlobalSection(ProjectConfigurationPlatforms) = postSolution
		{83D5F3B9-AEAE-4694-B77D-3004407AE888}.Debug|Any CPU.ActiveCfg = Debug|Any CPU
		{83D5F3B9-AEAE-4694-B77D-3004407AE888}.Debug|Any CPU.Build.0 = Debug|Any CPU
		{83D5F3B9-AEAE-4694-B77D-3004407AE888}.Release|Any CPU.ActiveCfg = Release|Any CPU
		{83D5F3B9-AEAE-4694-B77D-3004407AE888}.Release|Any CPU.Build.0 = Release|Any CPU
	EndGlobalSection
	GlobalSection(SolutionProperties) = preSolution
		HideSolutionNode = FALSE
	EndGlobalSection
	GlobalSection(ExtensibilityGlobals) = postSolution
		SolutionGuid = {F18147F9-FC74-448C-82FB-6A9A245CD68A}
	EndGlobalSection
EndGlobal
